PODS:
  - Realm (2.8.0):
    - Realm/Headers (= 2.8.0)
  - Realm/Headers (2.8.0)
  - RealmSwift (2.8.0):
    - Realm (= 2.8.0)

DEPENDENCIES:
  - RealmSwift

SPEC CHECKSUMS:
  Realm: 929243ad2b618b3232e70658bedc61110e7563f1
  RealmSwift: 5b7079b891f2833d1849294161ba3e092bbda3f6

PODFILE CHECKSUM: 6f65249296c9f8dde6c33f564c9a5c8de4ecbe93

COCOAPODS: 1.2.1
