// !$*UTF8*$!
{
	archiveVersion = 1;
	classes = {
	};
	objectVersion = 48;
	objects = {

/* Begin PBXBuildFile section */
		4896CDFBD2A2C7EA2388E203 /* Pods_InsanelySImpleTrackerUITests.framework in Frameworks */ = {isa = PBXBuildFile; fileRef = B3F7CBF594B09BDB454FDBFB /* Pods_InsanelySImpleTrackerUITests.framework */; };
		AC0B21B51ED5A702003B0C68 /* RoundedRectUIButton.swift in Sources */ = {isa = PBXBuildFile; fileRef = AC0B21B41ED5A702003B0C68 /* RoundedRectUIButton.swift */; };
		AC0B21B71ED5BD08003B0C68 /* CounterDetailViewController.swift in Sources */ = {isa = PBXBuildFile; fileRef = AC0B21B61ED5BD08003B0C68 /* CounterDetailViewController.swift */; };
		AC4D1A861EFD5EE30072D979 /* HistoryTVC.swift in Sources */ = {isa = PBXBuildFile; fileRef = AC4D1A851EFD5EE30072D979 /* HistoryTVC.swift */; };
		AC59ECA11EE8FB32001C4F07 /* UIToolbar+KeyboardExtension.swift in Sources */ = {isa = PBXBuildFile; fileRef = AC59ECA01EE8FB32001C4F07 /* UIToolbar+KeyboardExtension.swift */; };
		AC5B98341EF965B50069F26D /* HistoryEntry.swift in Sources */ = {isa = PBXBuildFile; fileRef = AC5B98331EF965B50069F26D /* HistoryEntry.swift */; };
		AC99A7B41EDEB0BC007A82C0 /* String+Extension.swift in Sources */ = {isa = PBXBuildFile; fileRef = AC99A7B31EDEB0BC007A82C0 /* String+Extension.swift */; };
		ACC73B981E29610200B12544 /* AppDelegate.swift in Sources */ = {isa = PBXBuildFile; fileRef = ACC73B971E29610200B12544 /* AppDelegate.swift */; };
		ACC73B9A1E29610200B12544 /* MainViewController.swift in Sources */ = {isa = PBXBuildFile; fileRef = ACC73B991E29610200B12544 /* MainViewController.swift */; };
		ACC73B9D1E29610200B12544 /* Main.storyboard in Resources */ = {isa = PBXBuildFile; fileRef = ACC73B9B1E29610200B12544 /* Main.storyboard */; };
		ACC73B9F1E29610200B12544 /* Assets.xcassets in Resources */ = {isa = PBXBuildFile; fileRef = ACC73B9E1E29610200B12544 /* Assets.xcassets */; };
		ACC73BA21E29610200B12544 /* LaunchScreen.storyboard in Resources */ = {isa = PBXBuildFile; fileRef = ACC73BA01E29610200B12544 /* LaunchScreen.storyboard */; };
		ACC73BAD1E29610200B12544 /* InsanelySImpleTrackerTests.swift in Sources */ = {isa = PBXBuildFile; fileRef = ACC73BAC1E29610200B12544 /* InsanelySImpleTrackerTests.swift */; };
		ACC73BB81E29610200B12544 /* InsanelySImpleTrackerUITests.swift in Sources */ = {isa = PBXBuildFile; fileRef = ACC73BB71E29610200B12544 /* InsanelySImpleTrackerUITests.swift */; };
		ACC73BC61E2A446800B12544 /* CounterCell.swift in Sources */ = {isa = PBXBuildFile; fileRef = ACC73BC51E2A446800B12544 /* CounterCell.swift */; };
		ACD4067B1EC1FBA900DE08A3 /* Counter.swift in Sources */ = {isa = PBXBuildFile; fileRef = ACD4067A1EC1FBA900DE08A3 /* Counter.swift */; };
		ACD4067D1EC20D3F00DE08A3 /* CountersManager.swift in Sources */ = {isa = PBXBuildFile; fileRef = ACD4067C1EC20D3F00DE08A3 /* CountersManager.swift */; };
		CA0B8A181AB6094DE3966964 /* Pods_InsanelySImpleTracker.framework in Frameworks */ = {isa = PBXBuildFile; fileRef = 7C24FCAAFBFD2A24D0A16D0E /* Pods_InsanelySImpleTracker.framework */; };
		F64761E465AB1EB389B707B3 /* Pods_InsanelySImpleTrackerTests.framework in Frameworks */ = {isa = PBXBuildFile; fileRef = B28F70B50EA2B31708FBF953 /* Pods_InsanelySImpleTrackerTests.framework */; };
/* End PBXBuildFile section */

/* Begin PBXContainerItemProxy section */
		ACC73BA91E29610200B12544 /* PBXContainerItemProxy */ = {
			isa = PBXContainerItemProxy;
			containerPortal = ACC73B8C1E29610200B12544 /* Project object */;
			proxyType = 1;
			remoteGlobalIDString = ACC73B931E29610200B12544;
			remoteInfo = InsanelySImpleTracker;
		};
		ACC73BB41E29610200B12544 /* PBXContainerItemProxy */ = {
			isa = PBXContainerItemProxy;
			containerPortal = ACC73B8C1E29610200B12544 /* Project object */;
			proxyType = 1;
			remoteGlobalIDString = ACC73B931E29610200B12544;
			remoteInfo = InsanelySImpleTracker;
		};
/* End PBXContainerItemProxy section */

/* Begin PBXFileReference section */
		30444C4E067260815EEE1701 /* Pods-InsanelySImpleTrackerUITests.release.xcconfig */ = {isa = PBXFileReference; includeInIndex = 1; lastKnownFileType = text.xcconfig; name = "Pods-InsanelySImpleTrackerUITests.release.xcconfig"; path = "Pods/Target Support Files/Pods-InsanelySImpleTrackerUITests/Pods-InsanelySImpleTrackerUITests.release.xcconfig"; sourceTree = "<group>"; };
		4F13BF009110F67AC9C6E4E8 /* Pods-InsanelySImpleTracker.release.xcconfig */ = {isa = PBXFileReference; includeInIndex = 1; lastKnownFileType = text.xcconfig; name = "Pods-InsanelySImpleTracker.release.xcconfig"; path = "Pods/Target Support Files/Pods-InsanelySImpleTracker/Pods-InsanelySImpleTracker.release.xcconfig"; sourceTree = "<group>"; };
		6C440F98E055AAFC9A77C612 /* Pods-InsanelySImpleTrackerTests.debug.xcconfig */ = {isa = PBXFileReference; includeInIndex = 1; lastKnownFileType = text.xcconfig; name = "Pods-InsanelySImpleTrackerTests.debug.xcconfig"; path = "Pods/Target Support Files/Pods-InsanelySImpleTrackerTests/Pods-InsanelySImpleTrackerTests.debug.xcconfig"; sourceTree = "<group>"; };
		7C24FCAAFBFD2A24D0A16D0E /* Pods_InsanelySImpleTracker.framework */ = {isa = PBXFileReference; explicitFileType = wrapper.framework; includeInIndex = 0; path = Pods_InsanelySImpleTracker.framework; sourceTree = BUILT_PRODUCTS_DIR; };
		AC0B21B41ED5A702003B0C68 /* RoundedRectUIButton.swift */ = {isa = PBXFileReference; fileEncoding = 4; lastKnownFileType = sourcecode.swift; path = RoundedRectUIButton.swift; sourceTree = "<group>"; };
		AC0B21B61ED5BD08003B0C68 /* CounterDetailViewController.swift */ = {isa = PBXFileReference; fileEncoding = 4; lastKnownFileType = sourcecode.swift; path = CounterDetailViewController.swift; sourceTree = "<group>"; };
		AC314DF81EC4BE390093C746 /* Realm.framework */ = {isa = PBXFileReference; lastKnownFileType = wrapper.framework; name = Realm.framework; path = "../../Library/Developer/Xcode/DerivedData/InsanelySImpleTracker-aqonqgpphcftopgnesergsfqeyji/Build/Products/Debug-iphonesimulator/Realm/Realm.framework"; sourceTree = "<group>"; };
		AC314DF91EC4BE390093C746 /* RealmSwift.framework */ = {isa = PBXFileReference; lastKnownFileType = wrapper.framework; name = RealmSwift.framework; path = "../../Library/Developer/Xcode/DerivedData/InsanelySImpleTracker-aqonqgpphcftopgnesergsfqeyji/Build/Products/Debug-iphonesimulator/RealmSwift/RealmSwift.framework"; sourceTree = "<group>"; };
		AC4D1A851EFD5EE30072D979 /* HistoryTVC.swift */ = {isa = PBXFileReference; fileEncoding = 4; lastKnownFileType = sourcecode.swift; path = HistoryTVC.swift; sourceTree = "<group>"; };
		AC59ECA01EE8FB32001C4F07 /* UIToolbar+KeyboardExtension.swift */ = {isa = PBXFileReference; fileEncoding = 4; lastKnownFileType = sourcecode.swift; path = "UIToolbar+KeyboardExtension.swift"; sourceTree = "<group>"; };
		AC5B98331EF965B50069F26D /* HistoryEntry.swift */ = {isa = PBXFileReference; fileEncoding = 4; lastKnownFileType = sourcecode.swift; path = HistoryEntry.swift; sourceTree = "<group>"; };
		AC99A7B31EDEB0BC007A82C0 /* String+Extension.swift */ = {isa = PBXFileReference; fileEncoding = 4; lastKnownFileType = sourcecode.swift; path = "String+Extension.swift"; sourceTree = "<group>"; };
		ACC73B941E29610200B12544 /* Countars: Insanely Simple Trackers.app */ = {isa = PBXFileReference; explicitFileType = wrapper.application; includeInIndex = 0; path = "Countars: Insanely Simple Trackers.app"; sourceTree = BUILT_PRODUCTS_DIR; };
		ACC73B971E29610200B12544 /* AppDelegate.swift */ = {isa = PBXFileReference; lastKnownFileType = sourcecode.swift; path = AppDelegate.swift; sourceTree = "<group>"; };
		ACC73B991E29610200B12544 /* MainViewController.swift */ = {isa = PBXFileReference; lastKnownFileType = sourcecode.swift; path = MainViewController.swift; sourceTree = "<group>"; };
		ACC73B9C1E29610200B12544 /* Base */ = {isa = PBXFileReference; lastKnownFileType = file.storyboard; name = Base; path = Base.lproj/Main.storyboard; sourceTree = "<group>"; };
		ACC73B9E1E29610200B12544 /* Assets.xcassets */ = {isa = PBXFileReference; lastKnownFileType = folder.assetcatalog; path = Assets.xcassets; sourceTree = "<group>"; };
		ACC73BA11E29610200B12544 /* Base */ = {isa = PBXFileReference; lastKnownFileType = file.storyboard; name = Base; path = Base.lproj/LaunchScreen.storyboard; sourceTree = "<group>"; };
		ACC73BA31E29610200B12544 /* Info.plist */ = {isa = PBXFileReference; lastKnownFileType = text.plist.xml; path = Info.plist; sourceTree = "<group>"; };
		ACC73BA81E29610200B12544 /* InsanelySImpleTrackerTests.xctest */ = {isa = PBXFileReference; explicitFileType = wrapper.cfbundle; includeInIndex = 0; path = InsanelySImpleTrackerTests.xctest; sourceTree = BUILT_PRODUCTS_DIR; };
		ACC73BAC1E29610200B12544 /* InsanelySImpleTrackerTests.swift */ = {isa = PBXFileReference; lastKnownFileType = sourcecode.swift; path = InsanelySImpleTrackerTests.swift; sourceTree = "<group>"; };
		ACC73BAE1E29610200B12544 /* Info.plist */ = {isa = PBXFileReference; lastKnownFileType = text.plist.xml; path = Info.plist; sourceTree = "<group>"; };
		ACC73BB31E29610200B12544 /* InsanelySImpleTrackerUITests.xctest */ = {isa = PBXFileReference; explicitFileType = wrapper.cfbundle; includeInIndex = 0; path = InsanelySImpleTrackerUITests.xctest; sourceTree = BUILT_PRODUCTS_DIR; };
		ACC73BB71E29610200B12544 /* InsanelySImpleTrackerUITests.swift */ = {isa = PBXFileReference; lastKnownFileType = sourcecode.swift; path = InsanelySImpleTrackerUITests.swift; sourceTree = "<group>"; };
		ACC73BB91E29610200B12544 /* Info.plist */ = {isa = PBXFileReference; lastKnownFileType = text.plist.xml; path = Info.plist; sourceTree = "<group>"; };
		ACC73BC51E2A446800B12544 /* CounterCell.swift */ = {isa = PBXFileReference; fileEncoding = 4; lastKnownFileType = sourcecode.swift; path = CounterCell.swift; sourceTree = "<group>"; };
		ACD4067A1EC1FBA900DE08A3 /* Counter.swift */ = {isa = PBXFileReference; fileEncoding = 4; lastKnownFileType = sourcecode.swift; path = Counter.swift; sourceTree = "<group>"; };
		ACD4067C1EC20D3F00DE08A3 /* CountersManager.swift */ = {isa = PBXFileReference; fileEncoding = 4; lastKnownFileType = sourcecode.swift; path = CountersManager.swift; sourceTree = "<group>"; };
		B28F70B50EA2B31708FBF953 /* Pods_InsanelySImpleTrackerTests.framework */ = {isa = PBXFileReference; explicitFileType = wrapper.framework; includeInIndex = 0; path = Pods_InsanelySImpleTrackerTests.framework; sourceTree = BUILT_PRODUCTS_DIR; };
		B3F7CBF594B09BDB454FDBFB /* Pods_InsanelySImpleTrackerUITests.framework */ = {isa = PBXFileReference; explicitFileType = wrapper.framework; includeInIndex = 0; path = Pods_InsanelySImpleTrackerUITests.framework; sourceTree = BUILT_PRODUCTS_DIR; };
		D94A49040722FED0B53B5946 /* Pods-InsanelySImpleTracker.debug.xcconfig */ = {isa = PBXFileReference; includeInIndex = 1; lastKnownFileType = text.xcconfig; name = "Pods-InsanelySImpleTracker.debug.xcconfig"; path = "Pods/Target Support Files/Pods-InsanelySImpleTracker/Pods-InsanelySImpleTracker.debug.xcconfig"; sourceTree = "<group>"; };
		E57243F5D5D5B218D6B2C17F /* Pods-InsanelySImpleTrackerTests.release.xcconfig */ = {isa = PBXFileReference; includeInIndex = 1; lastKnownFileType = text.xcconfig; name = "Pods-InsanelySImpleTrackerTests.release.xcconfig"; path = "Pods/Target Support Files/Pods-InsanelySImpleTrackerTests/Pods-InsanelySImpleTrackerTests.release.xcconfig"; sourceTree = "<group>"; };
		E73B29420B208266707CB76A /* Pods-InsanelySImpleTrackerUITests.debug.xcconfig */ = {isa = PBXFileReference; includeInIndex = 1; lastKnownFileType = text.xcconfig; name = "Pods-InsanelySImpleTrackerUITests.debug.xcconfig"; path = "Pods/Target Support Files/Pods-InsanelySImpleTrackerUITests/Pods-InsanelySImpleTrackerUITests.debug.xcconfig"; sourceTree = "<group>"; };
/* End PBXFileReference section */

/* Begin PBXFrameworksBuildPhase section */
		ACC73B911E29610200B12544 /* Frameworks */ = {
			isa = PBXFrameworksBuildPhase;
			buildActionMask = 2147483647;
			files = (
				CA0B8A181AB6094DE3966964 /* Pods_InsanelySImpleTracker.framework in Frameworks */,
			);
			runOnlyForDeploymentPostprocessing = 0;
		};
		ACC73BA51E29610200B12544 /* Frameworks */ = {
			isa = PBXFrameworksBuildPhase;
			buildActionMask = 2147483647;
			files = (
				F64761E465AB1EB389B707B3 /* Pods_InsanelySImpleTrackerTests.framework in Frameworks */,
			);
			runOnlyForDeploymentPostprocessing = 0;
		};
		ACC73BB01E29610200B12544 /* Frameworks */ = {
			isa = PBXFrameworksBuildPhase;
			buildActionMask = 2147483647;
			files = (
				4896CDFBD2A2C7EA2388E203 /* Pods_InsanelySImpleTrackerUITests.framework in Frameworks */,
			);
			runOnlyForDeploymentPostprocessing = 0;
		};
/* End PBXFrameworksBuildPhase section */

/* Begin PBXGroup section */
		495066E87152868F9E374F4F /* Pods */ = {
			isa = PBXGroup;
			children = (
				D94A49040722FED0B53B5946 /* Pods-InsanelySImpleTracker.debug.xcconfig */,
				4F13BF009110F67AC9C6E4E8 /* Pods-InsanelySImpleTracker.release.xcconfig */,
				6C440F98E055AAFC9A77C612 /* Pods-InsanelySImpleTrackerTests.debug.xcconfig */,
				E57243F5D5D5B218D6B2C17F /* Pods-InsanelySImpleTrackerTests.release.xcconfig */,
				E73B29420B208266707CB76A /* Pods-InsanelySImpleTrackerUITests.debug.xcconfig */,
				30444C4E067260815EEE1701 /* Pods-InsanelySImpleTrackerUITests.release.xcconfig */,
			);
			name = Pods;
			sourceTree = "<group>";
		};
		AC3B7F551EEF029500353ABC /* ViewControllers */ = {
			isa = PBXGroup;
			children = (
				ACC73B991E29610200B12544 /* MainViewController.swift */,
				AC0B21B61ED5BD08003B0C68 /* CounterDetailViewController.swift */,
				AC4D1A851EFD5EE30072D979 /* HistoryTVC.swift */,
			);
			name = ViewControllers;
			sourceTree = "<group>";
		};
		AC3B7F561EEF02B700353ABC /* Extensions */ = {
			isa = PBXGroup;
			children = (
				AC59ECA01EE8FB32001C4F07 /* UIToolbar+KeyboardExtension.swift */,
				AC99A7B31EDEB0BC007A82C0 /* String+Extension.swift */,
			);
			name = Extensions;
			sourceTree = "<group>";
		};
		AC3B7F571EEF068700353ABC /* PersistentLayer */ = {
			isa = PBXGroup;
			children = (
				ACD4067C1EC20D3F00DE08A3 /* CountersManager.swift */,
				ACD4067A1EC1FBA900DE08A3 /* Counter.swift */,
				AC5B98331EF965B50069F26D /* HistoryEntry.swift */,
			);
			name = PersistentLayer;
			sourceTree = "<group>";
		};
		ACC73B8B1E29610200B12544 = {
			isa = PBXGroup;
			children = (
				ACC73B961E29610200B12544 /* InsanelySImpleTracker */,
				ACC73BAB1E29610200B12544 /* InsanelySImpleTrackerTests */,
				ACC73BB61E29610200B12544 /* InsanelySImpleTrackerUITests */,
				ACC73B951E29610200B12544 /* Products */,
				495066E87152868F9E374F4F /* Pods */,
				C766501E900A8C806B245AA7 /* Frameworks */,
			);
			sourceTree = "<group>";
		};
		ACC73B951E29610200B12544 /* Products */ = {
			isa = PBXGroup;
			children = (
				ACC73B941E29610200B12544 /* Countars: Insanely Simple Trackers.app */,
				ACC73BA81E29610200B12544 /* InsanelySImpleTrackerTests.xctest */,
				ACC73BB31E29610200B12544 /* InsanelySImpleTrackerUITests.xctest */,
			);
			name = Products;
			sourceTree = "<group>";
		};
		ACC73B961E29610200B12544 /* InsanelySImpleTracker */ = {
			isa = PBXGroup;
			children = (
				ACC73B971E29610200B12544 /* AppDelegate.swift */,
				AC3B7F561EEF02B700353ABC /* Extensions */,
				AC3B7F551EEF029500353ABC /* ViewControllers */,
				AC3B7F571EEF068700353ABC /* PersistentLayer */,
				ACC73BC51E2A446800B12544 /* CounterCell.swift */,
				AC0B21B41ED5A702003B0C68 /* RoundedRectUIButton.swift */,
				ACC73B9B1E29610200B12544 /* Main.storyboard */,
				ACC73B9E1E29610200B12544 /* Assets.xcassets */,
				ACC73BA01E29610200B12544 /* LaunchScreen.storyboard */,
				ACC73BA31E29610200B12544 /* Info.plist */,
			);
			path = InsanelySImpleTracker;
			sourceTree = "<group>";
		};
		ACC73BAB1E29610200B12544 /* InsanelySImpleTrackerTests */ = {
			isa = PBXGroup;
			children = (
				ACC73BAC1E29610200B12544 /* InsanelySImpleTrackerTests.swift */,
				ACC73BAE1E29610200B12544 /* Info.plist */,
			);
			path = InsanelySImpleTrackerTests;
			sourceTree = "<group>";
		};
		ACC73BB61E29610200B12544 /* InsanelySImpleTrackerUITests */ = {
			isa = PBXGroup;
			children = (
				ACC73BB71E29610200B12544 /* InsanelySImpleTrackerUITests.swift */,
				ACC73BB91E29610200B12544 /* Info.plist */,
			);
			path = InsanelySImpleTrackerUITests;
			sourceTree = "<group>";
		};
		C766501E900A8C806B245AA7 /* Frameworks */ = {
			isa = PBXGroup;
			children = (
				AC314DF81EC4BE390093C746 /* Realm.framework */,
				AC314DF91EC4BE390093C746 /* RealmSwift.framework */,
				7C24FCAAFBFD2A24D0A16D0E /* Pods_InsanelySImpleTracker.framework */,
				B28F70B50EA2B31708FBF953 /* Pods_InsanelySImpleTrackerTests.framework */,
				B3F7CBF594B09BDB454FDBFB /* Pods_InsanelySImpleTrackerUITests.framework */,
			);
			name = Frameworks;
			sourceTree = "<group>";
		};
/* End PBXGroup section */

/* Begin PBXNativeTarget section */
		ACC73B931E29610200B12544 /* Countars */ = {
			isa = PBXNativeTarget;
			buildConfigurationList = ACC73BBC1E29610200B12544 /* Build configuration list for PBXNativeTarget "Countars" */;
			buildPhases = (
				A8C5B60554FDC91AAACE84A3 /* [CP] Check Pods Manifest.lock */,
				ACC73B901E29610200B12544 /* Sources */,
				ACC73B911E29610200B12544 /* Frameworks */,
				ACC73B921E29610200B12544 /* Resources */,
				E635C3F3B57D0BC1A4B2EAFA /* [CP] Embed Pods Frameworks */,
				1296493127A1528DC00C6360 /* [CP] Copy Pods Resources */,
			);
			buildRules = (
			);
			dependencies = (
			);
			name = Countars;
			productName = InsanelySImpleTracker;
			productReference = ACC73B941E29610200B12544 /* Countars: Insanely Simple Trackers.app */;
			productType = "com.apple.product-type.application";
		};
		ACC73BA71E29610200B12544 /* InsanelySImpleTrackerTests */ = {
			isa = PBXNativeTarget;
			buildConfigurationList = ACC73BBF1E29610200B12544 /* Build configuration list for PBXNativeTarget "InsanelySImpleTrackerTests" */;
			buildPhases = (
				62B122A6292A9118CB14EE8F /* [CP] Check Pods Manifest.lock */,
				ACC73BA41E29610200B12544 /* Sources */,
				ACC73BA51E29610200B12544 /* Frameworks */,
				ACC73BA61E29610200B12544 /* Resources */,
				DC4B8182E8622FB21ABB69F8 /* [CP] Embed Pods Frameworks */,
				3FF3CA95CA1B38729B492B2B /* [CP] Copy Pods Resources */,
			);
			buildRules = (
			);
			dependencies = (
				ACC73BAA1E29610200B12544 /* PBXTargetDependency */,
			);
			name = InsanelySImpleTrackerTests;
			productName = InsanelySImpleTrackerTests;
			productReference = ACC73BA81E29610200B12544 /* InsanelySImpleTrackerTests.xctest */;
			productType = "com.apple.product-type.bundle.unit-test";
		};
		ACC73BB21E29610200B12544 /* InsanelySImpleTrackerUITests */ = {
			isa = PBXNativeTarget;
			buildConfigurationList = ACC73BC21E29610200B12544 /* Build configuration list for PBXNativeTarget "InsanelySImpleTrackerUITests" */;
			buildPhases = (
				A9213A1509BB476B142172DE /* [CP] Check Pods Manifest.lock */,
				ACC73BAF1E29610200B12544 /* Sources */,
				ACC73BB01E29610200B12544 /* Frameworks */,
				ACC73BB11E29610200B12544 /* Resources */,
				D741A0035D3E98353167A6B8 /* [CP] Embed Pods Frameworks */,
				003791DA71DC720F61B9E855 /* [CP] Copy Pods Resources */,
			);
			buildRules = (
			);
			dependencies = (
				ACC73BB51E29610200B12544 /* PBXTargetDependency */,
			);
			name = InsanelySImpleTrackerUITests;
			productName = InsanelySImpleTrackerUITests;
			productReference = ACC73BB31E29610200B12544 /* InsanelySImpleTrackerUITests.xctest */;
			productType = "com.apple.product-type.bundle.ui-testing";
		};
/* End PBXNativeTarget section */

/* Begin PBXProject section */
		ACC73B8C1E29610200B12544 /* Project object */ = {
			isa = PBXProject;
			attributes = {
				LastSwiftUpdateCheck = 0810;
				LastUpgradeCheck = 0830;
				ORGANIZATIONNAME = Tsole;
				TargetAttributes = {
					ACC73B931E29610200B12544 = {
						CreatedOnToolsVersion = 8.1;
						DevelopmentTeam = SR3J56PQ6U;
						ProvisioningStyle = Automatic;
					};
					ACC73BA71E29610200B12544 = {
						CreatedOnToolsVersion = 8.1;
						ProvisioningStyle = Automatic;
						TestTargetID = ACC73B931E29610200B12544;
					};
					ACC73BB21E29610200B12544 = {
						CreatedOnToolsVersion = 8.1;
						ProvisioningStyle = Automatic;
						TestTargetID = ACC73B931E29610200B12544;
					};
				};
			};
			buildConfigurationList = ACC73B8F1E29610200B12544 /* Build configuration list for PBXProject "Countars" */;
			compatibilityVersion = "Xcode 8.0";
			developmentRegion = English;
			hasScannedForEncodings = 0;
			knownRegions = (
				en,
				Base,
			);
			mainGroup = ACC73B8B1E29610200B12544;
			productRefGroup = ACC73B951E29610200B12544 /* Products */;
			projectDirPath = "";
			projectRoot = "";
			targets = (
				ACC73B931E29610200B12544 /* Countars */,
				ACC73BA71E29610200B12544 /* InsanelySImpleTrackerTests */,
				ACC73BB21E29610200B12544 /* InsanelySImpleTrackerUITests */,
			);
		};
/* End PBXProject section */

/* Begin PBXResourcesBuildPhase section */
		ACC73B921E29610200B12544 /* Resources */ = {
			isa = PBXResourcesBuildPhase;
			buildActionMask = 2147483647;
			files = (
				ACC73BA21E29610200B12544 /* LaunchScreen.storyboard in Resources */,
				ACC73B9F1E29610200B12544 /* Assets.xcassets in Resources */,
				ACC73B9D1E29610200B12544 /* Main.storyboard in Resources */,
			);
			runOnlyForDeploymentPostprocessing = 0;
		};
		ACC73BA61E29610200B12544 /* Resources */ = {
			isa = PBXResourcesBuildPhase;
			buildActionMask = 2147483647;
			files = (
			);
			runOnlyForDeploymentPostprocessing = 0;
		};
		ACC73BB11E29610200B12544 /* Resources */ = {
			isa = PBXResourcesBuildPhase;
			buildActionMask = 2147483647;
			files = (
			);
			runOnlyForDeploymentPostprocessing = 0;
		};
/* End PBXResourcesBuildPhase section */

/* Begin PBXShellScriptBuildPhase section */
		003791DA71DC720F61B9E855 /* [CP] Copy Pods Resources */ = {
			isa = PBXShellScriptBuildPhase;
			buildActionMask = 2147483647;
			files = (
			);
			inputPaths = (
			);
			name = "[CP] Copy Pods Resources";
			outputPaths = (
			);
			runOnlyForDeploymentPostprocessing = 0;
			shellPath = /bin/sh;
			shellScript = "\"${SRCROOT}/Pods/Target Support Files/Pods-InsanelySImpleTrackerUITests/Pods-InsanelySImpleTrackerUITests-resources.sh\"\n";
			showEnvVarsInLog = 0;
		};
		1296493127A1528DC00C6360 /* [CP] Copy Pods Resources */ = {
			isa = PBXShellScriptBuildPhase;
			buildActionMask = 2147483647;
			files = (
			);
			inputPaths = (
			);
			name = "[CP] Copy Pods Resources";
			outputPaths = (
			);
			runOnlyForDeploymentPostprocessing = 0;
			shellPath = /bin/sh;
			shellScript = "\"${SRCROOT}/Pods/Target Support Files/Pods-InsanelySImpleTracker/Pods-InsanelySImpleTracker-resources.sh\"\n";
			showEnvVarsInLog = 0;
		};
		3FF3CA95CA1B38729B492B2B /* [CP] Copy Pods Resources */ = {
			isa = PBXShellScriptBuildPhase;
			buildActionMask = 2147483647;
			files = (
			);
			inputPaths = (
			);
			name = "[CP] Copy Pods Resources";
			outputPaths = (
			);
			runOnlyForDeploymentPostprocessing = 0;
			shellPath = /bin/sh;
			shellScript = "\"${SRCROOT}/Pods/Target Support Files/Pods-InsanelySImpleTrackerTests/Pods-InsanelySImpleTrackerTests-resources.sh\"\n";
			showEnvVarsInLog = 0;
		};
		62B122A6292A9118CB14EE8F /* [CP] Check Pods Manifest.lock */ = {
			isa = PBXShellScriptBuildPhase;
			buildActionMask = 2147483647;
			files = (
			);
			inputPaths = (
			);
			name = "[CP] Check Pods Manifest.lock";
			outputPaths = (
			);
			runOnlyForDeploymentPostprocessing = 0;
			shellPath = /bin/sh;
			shellScript = "diff \"${PODS_PODFILE_DIR_PATH}/Podfile.lock\" \"${PODS_ROOT}/Manifest.lock\" > /dev/null\nif [ $? != 0 ] ; then\n    # print error to STDERR\n    echo \"error: The sandbox is not in sync with the Podfile.lock. Run 'pod install' or update your CocoaPods installation.\" >&2\n    exit 1\nfi\n";
			showEnvVarsInLog = 0;
		};
		A8C5B60554FDC91AAACE84A3 /* [CP] Check Pods Manifest.lock */ = {
			isa = PBXShellScriptBuildPhase;
			buildActionMask = 2147483647;
			files = (
			);
			inputPaths = (
			);
			name = "[CP] Check Pods Manifest.lock";
			outputPaths = (
			);
			runOnlyForDeploymentPostprocessing = 0;
			shellPath = /bin/sh;
			shellScript = "diff \"${PODS_PODFILE_DIR_PATH}/Podfile.lock\" \"${PODS_ROOT}/Manifest.lock\" > /dev/null\nif [ $? != 0 ] ; then\n    # print error to STDERR\n    echo \"error: The sandbox is not in sync with the Podfile.lock. Run 'pod install' or update your CocoaPods installation.\" >&2\n    exit 1\nfi\n";
			showEnvVarsInLog = 0;
		};
		A9213A1509BB476B142172DE /* [CP] Check Pods Manifest.lock */ = {
			isa = PBXShellScriptBuildPhase;
			buildActionMask = 2147483647;
			files = (
			);
			inputPaths = (
			);
			name = "[CP] Check Pods Manifest.lock";
			outputPaths = (
			);
			runOnlyForDeploymentPostprocessing = 0;
			shellPath = /bin/sh;
			shellScript = "diff \"${PODS_PODFILE_DIR_PATH}/Podfile.lock\" \"${PODS_ROOT}/Manifest.lock\" > /dev/null\nif [ $? != 0 ] ; then\n    # print error to STDERR\n    echo \"error: The sandbox is not in sync with the Podfile.lock. Run 'pod install' or update your CocoaPods installation.\" >&2\n    exit 1\nfi\n";
			showEnvVarsInLog = 0;
		};
		D741A0035D3E98353167A6B8 /* [CP] Embed Pods Frameworks */ = {
			isa = PBXShellScriptBuildPhase;
			buildActionMask = 2147483647;
			files = (
			);
			inputPaths = (
			);
			name = "[CP] Embed Pods Frameworks";
			outputPaths = (
			);
			runOnlyForDeploymentPostprocessing = 0;
			shellPath = /bin/sh;
			shellScript = "\"${SRCROOT}/Pods/Target Support Files/Pods-InsanelySImpleTrackerUITests/Pods-InsanelySImpleTrackerUITests-frameworks.sh\"\n";
			showEnvVarsInLog = 0;
		};
		DC4B8182E8622FB21ABB69F8 /* [CP] Embed Pods Frameworks */ = {
			isa = PBXShellScriptBuildPhase;
			buildActionMask = 2147483647;
			files = (
			);
			inputPaths = (
			);
			name = "[CP] Embed Pods Frameworks";
			outputPaths = (
			);
			runOnlyForDeploymentPostprocessing = 0;
			shellPath = /bin/sh;
			shellScript = "\"${SRCROOT}/Pods/Target Support Files/Pods-InsanelySImpleTrackerTests/Pods-InsanelySImpleTrackerTests-frameworks.sh\"\n";
			showEnvVarsInLog = 0;
		};
		E635C3F3B57D0BC1A4B2EAFA /* [CP] Embed Pods Frameworks */ = {
			isa = PBXShellScriptBuildPhase;
			buildActionMask = 2147483647;
			files = (
			);
			inputPaths = (
			);
			name = "[CP] Embed Pods Frameworks";
			outputPaths = (
			);
			runOnlyForDeploymentPostprocessing = 0;
			shellPath = /bin/sh;
			shellScript = "\"${SRCROOT}/Pods/Target Support Files/Pods-InsanelySImpleTracker/Pods-InsanelySImpleTracker-frameworks.sh\"\n";
			showEnvVarsInLog = 0;
		};
/* End PBXShellScriptBuildPhase section */

/* Begin PBXSourcesBuildPhase section */
		ACC73B901E29610200B12544 /* Sources */ = {
			isa = PBXSourcesBuildPhase;
			buildActionMask = 2147483647;
			files = (
				AC4D1A861EFD5EE30072D979 /* HistoryTVC.swift in Sources */,
				ACD4067B1EC1FBA900DE08A3 /* Counter.swift in Sources */,
				AC5B98341EF965B50069F26D /* HistoryEntry.swift in Sources */,
				ACC73BC61E2A446800B12544 /* CounterCell.swift in Sources */,
				AC0B21B71ED5BD08003B0C68 /* CounterDetailViewController.swift in Sources */,
				ACD4067D1EC20D3F00DE08A3 /* CountersManager.swift in Sources */,
				AC0B21B51ED5A702003B0C68 /* RoundedRectUIButton.swift in Sources */,
				AC59ECA11EE8FB32001C4F07 /* UIToolbar+KeyboardExtension.swift in Sources */,
				ACC73B9A1E29610200B12544 /* MainViewController.swift in Sources */,
				AC99A7B41EDEB0BC007A82C0 /* String+Extension.swift in Sources */,
				ACC73B981E29610200B12544 /* AppDelegate.swift in Sources */,
			);
			runOnlyForDeploymentPostprocessing = 0;
		};
		ACC73BA41E29610200B12544 /* Sources */ = {
			isa = PBXSourcesBuildPhase;
			buildActionMask = 2147483647;
			files = (
				ACC73BAD1E29610200B12544 /* InsanelySImpleTrackerTests.swift in Sources */,
			);
			runOnlyForDeploymentPostprocessing = 0;
		};
		ACC73BAF1E29610200B12544 /* Sources */ = {
			isa = PBXSourcesBuildPhase;
			buildActionMask = 2147483647;
			files = (
				ACC73BB81E29610200B12544 /* InsanelySImpleTrackerUITests.swift in Sources */,
			);
			runOnlyForDeploymentPostprocessing = 0;
		};
/* End PBXSourcesBuildPhase section */

/* Begin PBXTargetDependency section */
		ACC73BAA1E29610200B12544 /* PBXTargetDependency */ = {
			isa = PBXTargetDependency;
			target = ACC73B931E29610200B12544 /* Countars */;
			targetProxy = ACC73BA91E29610200B12544 /* PBXContainerItemProxy */;
		};
		ACC73BB51E29610200B12544 /* PBXTargetDependency */ = {
			isa = PBXTargetDependency;
			target = ACC73B931E29610200B12544 /* Countars */;
			targetProxy = ACC73BB41E29610200B12544 /* PBXContainerItemProxy */;
		};
/* End PBXTargetDependency section */

/* Begin PBXVariantGroup section */
		ACC73B9B1E29610200B12544 /* Main.storyboard */ = {
			isa = PBXVariantGroup;
			children = (
				ACC73B9C1E29610200B12544 /* Base */,
			);
			name = Main.storyboard;
			sourceTree = "<group>";
		};
		ACC73BA01E29610200B12544 /* LaunchScreen.storyboard */ = {
			isa = PBXVariantGroup;
			children = (
				ACC73BA11E29610200B12544 /* Base */,
			);
			name = LaunchScreen.storyboard;
			sourceTree = "<group>";
		};
/* End PBXVariantGroup section */

/* Begin XCBuildConfiguration section */
		ACC73BBA1E29610200B12544 /* Debug */ = {
			isa = XCBuildConfiguration;
			buildSettings = {
				ALWAYS_SEARCH_USER_PATHS = NO;
				CLANG_ANALYZER_NONNULL = YES;
				CLANG_CXX_LANGUAGE_STANDARD = "gnu++0x";
				CLANG_CXX_LIBRARY = "libc++";
				CLANG_ENABLE_MODULES = YES;
				CLANG_ENABLE_OBJC_ARC = YES;
				CLANG_WARN_BOOL_CONVERSION = YES;
				CLANG_WARN_CONSTANT_CONVERSION = YES;
				CLANG_WARN_DIRECT_OBJC_ISA_USAGE = YES_ERROR;
				CLANG_WARN_DOCUMENTATION_COMMENTS = YES;
				CLANG_WARN_EMPTY_BODY = YES;
				CLANG_WARN_ENUM_CONVERSION = YES;
				CLANG_WARN_INFINITE_RECURSION = YES;
				CLANG_WARN_INT_CONVERSION = YES;
				CLANG_WARN_OBJC_ROOT_CLASS = YES_ERROR;
				CLANG_WARN_SUSPICIOUS_MOVE = YES;
				CLANG_WARN_SUSPICIOUS_MOVES = YES;
				CLANG_WARN_UNREACHABLE_CODE = YES;
				CLANG_WARN__DUPLICATE_METHOD_MATCH = YES;
				"CODE_SIGN_IDENTITY[sdk=iphoneos*]" = "iPhone Developer";
				COPY_PHASE_STRIP = NO;
				DEBUG_INFORMATION_FORMAT = dwarf;
				ENABLE_STRICT_OBJC_MSGSEND = YES;
				ENABLE_TESTABILITY = YES;
				GCC_C_LANGUAGE_STANDARD = gnu99;
				GCC_DYNAMIC_NO_PIC = NO;
				GCC_NO_COMMON_BLOCKS = YES;
				GCC_OPTIMIZATION_LEVEL = 0;
				GCC_PREPROCESSOR_DEFINITIONS = (
					"DEBUG=1",
					"$(inherited)",
				);
				GCC_WARN_64_TO_32_BIT_CONVERSION = YES;
				GCC_WARN_ABOUT_RETURN_TYPE = YES_ERROR;
				GCC_WARN_UNDECLARED_SELECTOR = YES;
				GCC_WARN_UNINITIALIZED_AUTOS = YES_AGGRESSIVE;
				GCC_WARN_UNUSED_FUNCTION = YES;
				GCC_WARN_UNUSED_VARIABLE = YES;
				IPHONEOS_DEPLOYMENT_TARGET = 10.1;
				MTL_ENABLE_DEBUG_INFO = YES;
				ONLY_ACTIVE_ARCH = YES;
				SDKROOT = iphoneos;
				SWIFT_ACTIVE_COMPILATION_CONDITIONS = DEBUG;
				SWIFT_OPTIMIZATION_LEVEL = "-Onone";
			};
			name = Debug;
		};
		ACC73BBB1E29610200B12544 /* Release */ = {
			isa = XCBuildConfiguration;
			buildSettings = {
				ALWAYS_SEARCH_USER_PATHS = NO;
				CLANG_ANALYZER_NONNULL = YES;
				CLANG_CXX_LANGUAGE_STANDARD = "gnu++0x";
				CLANG_CXX_LIBRARY = "libc++";
				CLANG_ENABLE_MODULES = YES;
				CLANG_ENABLE_OBJC_ARC = YES;
				CLANG_WARN_BOOL_CONVERSION = YES;
				CLANG_WARN_CONSTANT_CONVERSION = YES;
				CLANG_WARN_DIRECT_OBJC_ISA_USAGE = YES_ERROR;
				CLANG_WARN_DOCUMENTATION_COMMENTS = YES;
				CLANG_WARN_EMPTY_BODY = YES;
				CLANG_WARN_ENUM_CONVERSION = YES;
				CLANG_WARN_INFINITE_RECURSION = YES;
				CLANG_WARN_INT_CONVERSION = YES;
				CLANG_WARN_OBJC_ROOT_CLASS = YES_ERROR;
				CLANG_WARN_SUSPICIOUS_MOVE = YES;
				CLANG_WARN_SUSPICIOUS_MOVES = YES;
				CLANG_WARN_UNREACHABLE_CODE = YES;
				CLANG_WARN__DUPLICATE_METHOD_MATCH = YES;
				"CODE_SIGN_IDENTITY[sdk=iphoneos*]" = "iPhone Developer";
				COPY_PHASE_STRIP = NO;
				DEBUG_INFORMATION_FORMAT = "dwarf-with-dsym";
				ENABLE_NS_ASSERTIONS = NO;
				ENABLE_STRICT_OBJC_MSGSEND = YES;
				GCC_C_LANGUAGE_STANDARD = gnu99;
				GCC_NO_COMMON_BLOCKS = YES;
				GCC_WARN_64_TO_32_BIT_CONVERSION = YES;
				GCC_WARN_ABOUT_RETURN_TYPE = YES_ERROR;
				GCC_WARN_UNDECLARED_SELECTOR = YES;
				GCC_WARN_UNINITIALIZED_AUTOS = YES_AGGRESSIVE;
				GCC_WARN_UNUSED_FUNCTION = YES;
				GCC_WARN_UNUSED_VARIABLE = YES;
				IPHONEOS_DEPLOYMENT_TARGET = 10.1;
				MTL_ENABLE_DEBUG_INFO = NO;
				SDKROOT = iphoneos;
				SWIFT_OPTIMIZATION_LEVEL = "-Owholemodule";
				VALIDATE_PRODUCT = YES;
			};
			name = Release;
		};
		ACC73BBD1E29610200B12544 /* Debug */ = {
			isa = XCBuildConfiguration;
			baseConfigurationReference = D94A49040722FED0B53B5946 /* Pods-InsanelySImpleTracker.debug.xcconfig */;
			buildSettings = {
				ASSETCATALOG_COMPILER_APPICON_NAME = AppIcon;
				DEVELOPMENT_TEAM = SR3J56PQ6U;
				INFOPLIST_FILE = InsanelySImpleTracker/Info.plist;
				LD_RUNPATH_SEARCH_PATHS = "$(inherited) @executable_path/Frameworks";
				PRODUCT_BUNDLE_IDENTIFIER = com.tsole.countars;
				PRODUCT_NAME = "Countars: Insanely Simple Trackers";
				SWIFT_VERSION = 3.0;
			};
			name = Debug;
		};
		ACC73BBE1E29610200B12544 /* Release */ = {
			isa = XCBuildConfiguration;
			baseConfigurationReference = 4F13BF009110F67AC9C6E4E8 /* Pods-InsanelySImpleTracker.release.xcconfig */;
			buildSettings = {
				ASSETCATALOG_COMPILER_APPICON_NAME = AppIcon;
				DEVELOPMENT_TEAM = SR3J56PQ6U;
				INFOPLIST_FILE = InsanelySImpleTracker/Info.plist;
				LD_RUNPATH_SEARCH_PATHS = "$(inherited) @executable_path/Frameworks";
				PRODUCT_BUNDLE_IDENTIFIER = com.tsole.countars;
				PRODUCT_NAME = "Countars: Insanely Simple Trackers";
				SWIFT_VERSION = 3.0;
			};
			name = Release;
		};
		ACC73BC01E29610200B12544 /* Debug */ = {
			isa = XCBuildConfiguration;
			baseConfigurationReference = 6C440F98E055AAFC9A77C612 /* Pods-InsanelySImpleTrackerTests.debug.xcconfig */;
			buildSettings = {
				ALWAYS_EMBED_SWIFT_STANDARD_LIBRARIES = YES;
				BUNDLE_LOADER = "$(TEST_HOST)";
				INFOPLIST_FILE = InsanelySImpleTrackerTests/Info.plist;
				LD_RUNPATH_SEARCH_PATHS = "$(inherited) @executable_path/Frameworks @loader_path/Frameworks";
				PRODUCT_BUNDLE_IDENTIFIER = tsole.InsanelySImpleTrackerTests;
				PRODUCT_NAME = "$(TARGET_NAME)";
				SWIFT_VERSION = 3.0;
				TEST_HOST = "$(BUILT_PRODUCTS_DIR)/InsanelySImpleTracker.app/InsanelySImpleTracker";
			};
			name = Debug;
		};
		ACC73BC11E29610200B12544 /* Release */ = {
			isa = XCBuildConfiguration;
			baseConfigurationReference = E57243F5D5D5B218D6B2C17F /* Pods-InsanelySImpleTrackerTests.release.xcconfig */;
			buildSettings = {
				ALWAYS_EMBED_SWIFT_STANDARD_LIBRARIES = YES;
				BUNDLE_LOADER = "$(TEST_HOST)";
				INFOPLIST_FILE = InsanelySImpleTrackerTests/Info.plist;
				LD_RUNPATH_SEARCH_PATHS = "$(inherited) @executable_path/Frameworks @loader_path/Frameworks";
				PRODUCT_BUNDLE_IDENTIFIER = tsole.InsanelySImpleTrackerTests;
				PRODUCT_NAME = "$(TARGET_NAME)";
				SWIFT_VERSION = 3.0;
				TEST_HOST = "$(BUILT_PRODUCTS_DIR)/InsanelySImpleTracker.app/InsanelySImpleTracker";
			};
			name = Release;
		};
		ACC73BC31E29610200B12544 /* Debug */ = {
			isa = XCBuildConfiguration;
			baseConfigurationReference = E73B29420B208266707CB76A /* Pods-InsanelySImpleTrackerUITests.debug.xcconfig */;
			buildSettings = {
				ALWAYS_EMBED_SWIFT_STANDARD_LIBRARIES = YES;
				INFOPLIST_FILE = InsanelySImpleTrackerUITests/Info.plist;
				LD_RUNPATH_SEARCH_PATHS = "$(inherited) @executable_path/Frameworks @loader_path/Frameworks";
				PRODUCT_BUNDLE_IDENTIFIER = tsole.InsanelySImpleTrackerUITests;
				PRODUCT_NAME = "$(TARGET_NAME)";
				SWIFT_VERSION = 3.0;
				TEST_TARGET_NAME = InsanelySImpleTracker;
			};
			name = Debug;
		};
		ACC73BC41E29610200B12544 /* Release */ = {
			isa = XCBuildConfiguration;
			baseConfigurationReference = 30444C4E067260815EEE1701 /* Pods-InsanelySImpleTrackerUITests.release.xcconfig */;
			buildSettings = {
				ALWAYS_EMBED_SWIFT_STANDARD_LIBRARIES = YES;
				INFOPLIST_FILE = InsanelySImpleTrackerUITests/Info.plist;
				LD_RUNPATH_SEARCH_PATHS = "$(inherited) @executable_path/Frameworks @loader_path/Frameworks";
				PRODUCT_BUNDLE_IDENTIFIER = tsole.InsanelySImpleTrackerUITests;
				PRODUCT_NAME = "$(TARGET_NAME)";
				SWIFT_VERSION = 3.0;
				TEST_TARGET_NAME = InsanelySImpleTracker;
			};
			name = Release;
		};
/* End XCBuildConfiguration section */

/* Begin XCConfigurationList section */
		ACC73B8F1E29610200B12544 /* Build configuration list for PBXProject "Countars" */ = {
			isa = XCConfigurationList;
			buildConfigurations = (
				ACC73BBA1E29610200B12544 /* Debug */,
				ACC73BBB1E29610200B12544 /* Release */,
			);
			defaultConfigurationIsVisible = 0;
			defaultConfigurationName = Release;
		};
		ACC73BBC1E29610200B12544 /* Build configuration list for PBXNativeTarget "Countars" */ = {
			isa = XCConfigurationList;
			buildConfigurations = (
				ACC73BBD1E29610200B12544 /* Debug */,
				ACC73BBE1E29610200B12544 /* Release */,
			);
			defaultConfigurationIsVisible = 0;
			defaultConfigurationName = Release;
		};
		ACC73BBF1E29610200B12544 /* Build configuration list for PBXNativeTarget "InsanelySImpleTrackerTests" */ = {
			isa = XCConfigurationList;
			buildConfigurations = (
				ACC73BC01E29610200B12544 /* Debug */,
				ACC73BC11E29610200B12544 /* Release */,
			);
			defaultConfigurationIsVisible = 0;
			defaultConfigurationName = Release;
		};
		ACC73BC21E29610200B12544 /* Build configuration list for PBXNativeTarget "InsanelySImpleTrackerUITests" */ = {
			isa = XCConfigurationList;
			buildConfigurations = (
				ACC73BC31E29610200B12544 /* Debug */,
				ACC73BC41E29610200B12544 /* Release */,
			);
			defaultConfigurationIsVisible = 0;
			defaultConfigurationName = Release;
		};
/* End XCConfigurationList section */
	};
	rootObject = ACC73B8C1E29610200B12544 /* Project object */;
}
